
Microsoft Visual Studio Solution File, Format Version 12.00
# Visual Studio Version 17
VisualStudioVersion = 17.13.35825.156
MinimumVisualStudioVersion = 10.0.40219.1
Project("{FAE04EC0-301F-11D3-BF4B-00C04F79EFBC}") = "TrafficProcessor.Api", "TrafficProcessor.Api\TrafficProcessor.Api.csproj", "{6B6EDCC8-DC41-4FE6-9355-B3B011930FC4}"
EndProject
Project("{FAE04EC0-301F-11D3-BF4B-00C04F79EFBC}") = "TrafficProcessor.Tests", "TrafficProcessor.Tests\TrafficProcessor.Tests.csproj", "{61405D16-432B-497C-90FD-87E0B8E148E2}"
EndProject
Project("{FAE04EC0-301F-11D3-BF4B-00C04F79EFBC}") = "TrafficProcessor", "TrafficProcessor\TrafficProcessor.csproj", "{1B388377-17A0-45F5-AA9E-2DBA60C86403}"
EndProject
Project("{FAE04EC0-301F-11D3-BF4B-00C04F79EFBC}") = "TrafficProcessor.Infrastructure", "TrafficProcessor.Infrastructure\TrafficProcessor.Infrastructure.csproj", "{A2FF3F10-0C39-4762-B62B-78473246EE6F}"
EndProject
Project("{FAE04EC0-301F-11D3-BF4B-00C04F79EFBC}") = "TrafficProcessor.StressTest", "TrafficProcessor.StressTest\TrafficProcessor.StressTest.csproj", "{913D739E-BEB2-4D97-B281-156BA4B7C222}"
EndProject
Global
	GlobalSection(SolutionConfigurationPlatforms) = preSolution
		Debug|Any CPU = Debug|Any CPU
		Release|Any CPU = Release|Any CPU
	EndGlobalSection
	GlobalSection(ProjectConfigurationPlatforms) = postSolution
		{6B6EDCC8-DC41-4FE6-9355-B3B011930FC4}.Debug|Any CPU.ActiveCfg = Debug|Any CPU
		{6B6EDCC8-DC41-4FE6-9355-B3B011930FC4}.Debug|Any CPU.Build.0 = Debug|Any CPU
		{6B6EDCC8-DC41-4FE6-9355-B3B011930FC4}.Release|Any CPU.ActiveCfg = Release|Any CPU
		{6B6EDCC8-DC41-4FE6-9355-B3B011930FC4}.Release|Any CPU.Build.0 = Release|Any CPU
		{61405D16-432B-497C-90FD-87E0B8E148E2}.Debug|Any CPU.ActiveCfg = Debug|Any CPU
		{61405D16-432B-497C-90FD-87E0B8E148E2}.Debug|Any CPU.Build.0 = Debug|Any CPU
		{61405D16-432B-497C-90FD-87E0B8E148E2}.Release|Any CPU.ActiveCfg = Release|Any CPU
		{61405D16-432B-497C-90FD-87E0B8E148E2}.Release|Any CPU.Build.0 = Release|Any CPU
		{1B388377-17A0-45F5-AA9E-2DBA60C86403}.Debug|Any CPU.ActiveCfg = Debug|Any CPU
		{1B388377-17A0-45F5-AA9E-2DBA60C86403}.Debug|Any CPU.Build.0 = Debug|Any CPU
		{1B388377-17A0-45F5-AA9E-2DBA60C86403}.Release|Any CPU.ActiveCfg = Release|Any CPU
		{1B388377-17A0-45F5-AA9E-2DBA60C86403}.Release|Any CPU.Build.0 = Release|Any CPU
		{A2FF3F10-0C39-4762-B62B-78473246EE6F}.Debug|Any CPU.ActiveCfg = Debug|Any CPU
		{A2FF3F10-0C39-4762-B62B-78473246EE6F}.Debug|Any CPU.Build.0 = Debug|Any CPU
		{A2FF3F10-0C39-4762-B62B-78473246EE6F}.Release|Any CPU.ActiveCfg = Release|Any CPU
		{A2FF3F10-0C39-4762-B62B-78473246EE6F}.Release|Any CPU.Build.0 = Release|Any CPU
		{913D739E-BEB2-4D97-B281-156BA4B7C222}.Debug|Any CPU.ActiveCfg = Debug|Any CPU
		{913D739E-BEB2-4D97-B281-156BA4B7C222}.Debug|Any CPU.Build.0 = Debug|Any CPU
		{913D739E-BEB2-4D97-B281-156BA4B7C222}.Release|Any CPU.ActiveCfg = Release|Any CPU
		{913D739E-BEB2-4D97-B281-156BA4B7C222}.Release|Any CPU.Build.0 = Release|Any CPU
	EndGlobalSection
	GlobalSection(SolutionProperties) = preSolution
		HideSolutionNode = FALSE
	EndGlobalSection
	GlobalSection(ExtensibilityGlobals) = postSolution
		SolutionGuid = {7FF6F18F-CFEF-42FB-B87F-17F2FFA27EE1}
	EndGlobalSection
EndGlobal
